<?xml version="1.0" encoding="utf-8"?>
<Project ToolsVersion="4.0" xmlns="http://schemas.microsoft.com/developer/msbuild/2003">
  <ItemGroup>
    <Filter Include="Utility">
      <UniqueIdentifier>{fd72265a-ffe9-42c9-95b9-24a489f5f7aa}</UniqueIdentifier>
    </Filter>
    <Filter Include="Utility\GameInstance">
      <UniqueIdentifier>{7dd6a6d9-511a-4d66-93df-43be19994abe}</UniqueIdentifier>
    </Filter>
    <Filter Include="Utility\Level">
      <UniqueIdentifier>{71c5a8d4-fca1-4489-9ed2-34645c5cfa28}</UniqueIdentifier>
    </Filter>
    <Filter Include="Utility\Level\Manager">
      <UniqueIdentifier>{1c8b7e7e-03bc-4aef-8e6f-db511e9ac5a1}</UniqueIdentifier>
    </Filter>
    <Filter Include="Utility\Object">
      <UniqueIdentifier>{83a9cf7c-7caf-4e25-8fa1-4c4b286ac4f4}</UniqueIdentifier>
    </Filter>
    <Filter Include="Utility\Object\Manager">
      <UniqueIdentifier>{3e57ae93-6093-4c7f-aaae-8efb50cd28f5}</UniqueIdentifier>
    </Filter>
    <Filter Include="Utility\Prototype">
      <UniqueIdentifier>{69d8f536-02d2-431a-964d-d6cebdbb48d8}</UniqueIdentifier>
    </Filter>
    <Filter Include="Utility\Object\Layer">
      <UniqueIdentifier>{949710dc-196d-4ae1-a02d-863d8e050b7c}</UniqueIdentifier>
    </Filter>
    <Filter Include="Utility\Object\Actor">
      <UniqueIdentifier>{c412d2f4-29ae-4c3e-809c-5743aa6dc63c}</UniqueIdentifier>
    </Filter>
    <Filter Include="Utility\Render">
      <UniqueIdentifier>{26210784-a2cc-4649-831a-7d501815605d}</UniqueIdentifier>
    </Filter>
    <Filter Include="Utility\HeadUpDisplay">
      <UniqueIdentifier>{efa9af27-8f75-4b21-8517-7a8002ed6538}</UniqueIdentifier>
    </Filter>
    <Filter Include="Utility\HeadUpDisplay\UserInterface">
      <UniqueIdentifier>{75f31298-c6f1-413c-b374-55ddf4ff1db6}</UniqueIdentifier>
    </Filter>
    <Filter Include="System">
      <UniqueIdentifier>{73bf4124-a938-4ffa-b891-a2b8872955f8}</UniqueIdentifier>
    </Filter>
    <Filter Include="System\GraphicDevice">
      <UniqueIdentifier>{cd1f3ba6-f542-4495-a079-eceac8fa8765}</UniqueIdentifier>
    </Filter>
    <Filter Include="System\Timer">
      <UniqueIdentifier>{5de90397-f646-416d-9c79-d64665a5e87d}</UniqueIdentifier>
    </Filter>
    <Filter Include="System\Timer\Manager">
      <UniqueIdentifier>{7c49d81f-aa43-498a-a7e9-2ddf894303ee}</UniqueIdentifier>
    </Filter>
    <Filter Include="System\DXInput">
      <UniqueIdentifier>{48d86464-d2f9-4d3d-b452-6e9d17944dbb}</UniqueIdentifier>
    </Filter>
    <Filter Include="System\Mouse">
      <UniqueIdentifier>{d74e0f09-93b3-4912-870e-dffbd58189d7}</UniqueIdentifier>
    </Filter>
    <Filter Include="System\Sound_Manager">
      <UniqueIdentifier>{0fdc29c6-3f41-4bd0-ac16-902cbe264a74}</UniqueIdentifier>
    </Filter>
    <Filter Include="Utility\Pipeline">
      <UniqueIdentifier>{79a57e86-aaf6-4e16-bd21-e6186213aabe}</UniqueIdentifier>
    </Filter>
    <Filter Include="Utility\HeadUpDisplay\UserInterface\Progressbar">
      <UniqueIdentifier>{a7b21e9d-ff67-4a87-9e70-3d621fbef5bc}</UniqueIdentifier>
    </Filter>
    <Filter Include="Headers">
      <UniqueIdentifier>{8f1b3a5b-f2ca-43b2-830b-cc97fe117dbb}</UniqueIdentifier>
    </Filter>
    <Filter Include="Utility\Base">
      <UniqueIdentifier>{b03dfe8c-d8dc-42d1-8564-bc14acb88645}</UniqueIdentifier>
    </Filter>
    <Filter Include="Utility\Components">
      <UniqueIdentifier>{62dda0d7-cb1f-4bd3-b3ec-4e18adae7dc8}</UniqueIdentifier>
    </Filter>
    <Filter Include="Utility\Components\Transform">
      <UniqueIdentifier>{f53002f5-aaff-40af-9a5e-caab5382bb67}</UniqueIdentifier>
    </Filter>
    <Filter Include="Utility\Components\VIBuffer">
      <UniqueIdentifier>{cfaa3e6d-cbdd-45c8-8ad5-0c11714863cf}</UniqueIdentifier>
    </Filter>
    <Filter Include="Utility\Components\VIBuffer\VIRect">
      <UniqueIdentifier>{f0cae173-9deb-4b0f-95f0-ef70ad282413}</UniqueIdentifier>
    </Filter>
    <Filter Include="Utility\Components\VIBuffer\VITerrian">
      <UniqueIdentifier>{0565ecb3-4d1b-42e0-b919-e6e64f7296fe}</UniqueIdentifier>
    </Filter>
    <Filter Include="Utility\Components\Collision">
      <UniqueIdentifier>{3879b983-fdcd-4913-9dda-01d6dfc35514}</UniqueIdentifier>
    </Filter>
    <Filter Include="Utility\Components\Collision\Capsule">
      <UniqueIdentifier>{e411b1eb-0b42-41bf-9284-ab907a5fa24e}</UniqueIdentifier>
    </Filter>
    <Filter Include="Utility\Components\Collision\Sphere">
      <UniqueIdentifier>{f13aebdc-3a61-4103-bfd7-ebce499fa4fd}</UniqueIdentifier>
    </Filter>
    <Filter Include="Utility\Components\Collision\Box">
      <UniqueIdentifier>{b4832dd7-a0f2-46c2-9847-450d21605a58}</UniqueIdentifier>
    </Filter>
    <Filter Include="Utility\Components\Collision\Manager">
      <UniqueIdentifier>{546fb700-38cc-4d69-ba93-5b005a3302cb}</UniqueIdentifier>
    </Filter>
    <Filter Include="Utility\Components\Texture">
      <UniqueIdentifier>{3dd88695-8403-45b2-b0a1-d2c9f48b7499}</UniqueIdentifier>
    </Filter>
    <Filter Include="Utility\Components\Shader">
      <UniqueIdentifier>{ff32bb3e-62d8-4e8e-837e-1bc649cfa632}</UniqueIdentifier>
    </Filter>
    <Filter Include="Utility\Components\SpriteAnimation">
      <UniqueIdentifier>{a9441f31-2906-432d-985d-bf35b465a794}</UniqueIdentifier>
    </Filter>
    <Filter Include="Utility\Components\SpriteAnimation\AnimEntity">
      <UniqueIdentifier>{8050926c-621a-4f0a-8cbc-6a420a7a7669}</UniqueIdentifier>
    </Filter>
    <Filter Include="Utility\Components\Model">
      <UniqueIdentifier>{ceb4a0ff-ab99-4088-b784-c2eeac24f2ac}</UniqueIdentifier>
    </Filter>
    <Filter Include="Utility\Components\Model\Mesh">
      <UniqueIdentifier>{8360aece-6f08-464b-8a51-3c6a97af1a69}</UniqueIdentifier>
    </Filter>
    <Filter Include="Utility\Helpers">
      <UniqueIdentifier>{02886d4f-bde8-482e-b82b-3c8f3602073b}</UniqueIdentifier>
    </Filter>
    <Filter Include="System\Picking">
      <UniqueIdentifier>{bf4b98e3-587d-498a-bfed-552e745176e8}</UniqueIdentifier>
    </Filter>
    <Filter Include="Utility\Components\Model\Material">
      <UniqueIdentifier>{725d0e77-52b4-478a-a14f-30aa4a263782}</UniqueIdentifier>
    </Filter>
    <Filter Include="Utility\Helpers\Paser">
      <UniqueIdentifier>{8136d0ea-0a23-4808-953a-c781c68fe14d}</UniqueIdentifier>
    </Filter>
    <Filter Include="Utility\Helpers\Paser\Binary">
      <UniqueIdentifier>{0d5095e2-cb19-4709-97b0-16c01a2669ef}</UniqueIdentifier>
    </Filter>
    <Filter Include="Utility\Helpers\Paser\Csv">
      <UniqueIdentifier>{4d6f0d10-392f-4eaf-b621-94fc6ac883ab}</UniqueIdentifier>
    </Filter>
    <Filter Include="Utility\Helpers\Paser\Json">
      <UniqueIdentifier>{1fc34410-bb5b-4375-9476-296957324e2c}</UniqueIdentifier>
    </Filter>
    <Filter Include="Utility\Components\Font">
      <UniqueIdentifier>{c60d7ee0-3594-4f00-8bc4-15b7610ba731}</UniqueIdentifier>
    </Filter>
    <Filter Include="Utility\Object\Camera">
      <UniqueIdentifier>{726d2632-59eb-434d-9d37-94bb513075f7}</UniqueIdentifier>
    </Filter>
    <Filter Include="Utility\HeadUpDisplay\UserInterface\Viewer">
      <UniqueIdentifier>{36f3cc12-72be-4e81-b592-b208702fc5b1}</UniqueIdentifier>
    </Filter>
    <Filter Include="Utility\Object\EditorObject">
      <UniqueIdentifier>{b7bf560d-9cff-49e4-b63e-67d2ac61704c}</UniqueIdentifier>
    </Filter>
    <Filter Include="Utility\Object\EditorObject\EditorCamera">
      <UniqueIdentifier>{18816558-cabf-4847-8222-134bb93db532}</UniqueIdentifier>
    </Filter>
    <Filter Include="Utility\HeadUpDisplay\UserInterface\Slider">
      <UniqueIdentifier>{6a65cec2-5834-4bb7-acc2-2a831b78905d}</UniqueIdentifier>
    </Filter>
    <Filter Include="Utility\Components\Model\Bone">
      <UniqueIdentifier>{420f7817-c430-4178-aa2a-7a2e14d15388}</UniqueIdentifier>
    </Filter>
    <Filter Include="Utility\HeadUpDisplay\UserInterface\Slider\SilderButton">
      <UniqueIdentifier>{4ea96dca-a660-447d-b70f-ee4909d7dcb9}</UniqueIdentifier>
    </Filter>
    <Filter Include="Utility\Components\Model\Animation">
      <UniqueIdentifier>{54b414e3-5d68-4cb7-b464-e4fe36c0bf9c}</UniqueIdentifier>
    </Filter>
    <Filter Include="Utility\Components\Model\Animation\Channel">
      <UniqueIdentifier>{7e5fc024-8484-41f1-90bf-76137095b8d8}</UniqueIdentifier>
    </Filter>
    <Filter Include="Utility\Object\Container">
      <UniqueIdentifier>{65762a26-949d-4551-99de-bc014cc94326}</UniqueIdentifier>
    </Filter>
    <Filter Include="Utility\Object\PartObject">
      <UniqueIdentifier>{6ed40050-0b7a-4907-91db-7e734f5092d9}</UniqueIdentifier>
    </Filter>
    <Filter Include="Utility\StateMachine">
      <UniqueIdentifier>{6aa12991-8d10-4624-b8c8-206dc57d733f}</UniqueIdentifier>
    </Filter>
    <Filter Include="Utility\StateMachine\FSM">
      <UniqueIdentifier>{44fcd9f9-3289-4775-8c69-d674e801dda0}</UniqueIdentifier>
    </Filter>
    <Filter Include="Utility\StateMachine\Layer">
      <UniqueIdentifier>{ffc4d072-daa5-47d0-a8b2-9f8d43aecb1c}</UniqueIdentifier>
    </Filter>
    <Filter Include="Utility\StateMachine\State">
      <UniqueIdentifier>{22105f21-9be3-44ac-b73c-9325aa478734}</UniqueIdentifier>
    </Filter>
  </ItemGroup>
  <ItemGroup>
    <ClCompile Include="..\private\Graphic_Device.cpp">
      <Filter>System\GraphicDevice</Filter>
    </ClCompile>
    <ClCompile Include="..\private\Base.cpp">
      <Filter>Utility\Base</Filter>
    </ClCompile>
    <ClCompile Include="..\private\GameInstance.cpp">
      <Filter>Utility\GameInstance</Filter>
    </ClCompile>
    <ClCompile Include="..\private\Level.cpp">
      <Filter>Utility\Level</Filter>
    </ClCompile>
    <ClCompile Include="..\private\Layer.cpp">
      <Filter>Utility\Object\Layer</Filter>
    </ClCompile>
    <ClCompile Include="..\private\Prototype_Manager.cpp">
      <Filter>Utility\Prototype</Filter>
    </ClCompile>
    <ClCompile Include="..\private\Object_Manager.cpp">
      <Filter>Utility\Object\Manager</Filter>
    </ClCompile>
    <ClCompile Include="..\private\Level_Manager.cpp">
      <Filter>Utility\Level\Manager</Filter>
    </ClCompile>
    <ClCompile Include="..\Private\Timer_Manager.cpp">
      <Filter>System\Timer\Manager</Filter>
    </ClCompile>
    <ClCompile Include="..\Private\Timer.cpp">
      <Filter>System\Timer</Filter>
    </ClCompile>
    <ClCompile Include="..\private\UserInterface.cpp">
      <Filter>Utility\HeadUpDisplay\UserInterface</Filter>
    </ClCompile>
    <ClCompile Include="..\private\Actor.cpp">
      <Filter>Utility\Object\Actor</Filter>
    </ClCompile>
    <ClCompile Include="..\private\Renderer.cpp">
      <Filter>Utility\Render</Filter>
    </ClCompile>
    <ClCompile Include="..\private\Component.cpp">
      <Filter>Utility\Components</Filter>
    </ClCompile>
    <ClCompile Include="..\Private\GameObject.cpp">
      <Filter>Utility\Object</Filter>
    </ClCompile>
    <ClCompile Include="..\Private\HeadUpDisplay.cpp">
      <Filter>Utility\HeadUpDisplay</Filter>
    </ClCompile>
    <ClCompile Include="..\private\Transform.cpp">
      <Filter>Utility\Components\Transform</Filter>
    </ClCompile>
    <ClCompile Include="..\private\InputManager.cpp">
      <Filter>System\DXInput</Filter>
    </ClCompile>
    <ClCompile Include="..\private\Sound_Manager.cpp">
      <Filter>System\Sound_Manager</Filter>
    </ClCompile>
    <ClCompile Include="..\private\VIBuffer.cpp">
      <Filter>Utility\Components\VIBuffer</Filter>
    </ClCompile>
    <ClCompile Include="..\private\VIBuffer_Rect.cpp">
      <Filter>Utility\Components\VIBuffer\VIRect</Filter>
    </ClCompile>
    <ClCompile Include="..\private\Texture.cpp">
      <Filter>Utility\Components\Texture</Filter>
    </ClCompile>
    <ClCompile Include="..\private\Shader.cpp">
      <Filter>Utility\Components\Shader</Filter>
    </ClCompile>
    <ClCompile Include="..\private\Mouse.cpp">
      <Filter>System\Mouse</Filter>
    </ClCompile>
    <ClCompile Include="..\private\Pipeline.cpp">
      <Filter>Utility\Pipeline</Filter>
    </ClCompile>
    <ClCompile Include="..\private\VIBuffer_Terrian.cpp">
      <Filter>Utility\Components\VIBuffer\VITerrian</Filter>
    </ClCompile>
    <ClCompile Include="..\private\ProgressBar.cpp">
      <Filter>Utility\HeadUpDisplay\UserInterface\Progressbar</Filter>
    </ClCompile>
    <ClCompile Include="..\private\SpriteAnimation.cpp">
      <Filter>Utility\Components\SpriteAnimation</Filter>
    </ClCompile>
    <ClCompile Include="..\private\AnimEntity.cpp">
      <Filter>Utility\Components\SpriteAnimation\AnimEntity</Filter>
    </ClCompile>
    <ClCompile Include="..\private\Mesh.cpp">
      <Filter>Utility\Components\Model\Mesh</Filter>
    </ClCompile>
    <ClCompile Include="..\Private\StringHelper.cpp">
      <Filter>Utility\Helpers</Filter>
    </ClCompile>
    <ClCompile Include="..\Private\Picking.cpp">
      <Filter>System\Picking</Filter>
    </ClCompile>
    <ClCompile Include="..\private\Material.cpp">
      <Filter>Utility\Components\Model\Material</Filter>
    </ClCompile>
    <ClCompile Include="..\private\BinaryHelper.cpp">
      <Filter>Utility\Helpers\Paser\Binary</Filter>
    </ClCompile>
    <ClCompile Include="..\private\CsvHelper.cpp">
      <Filter>Utility\Helpers\Paser\Csv</Filter>
    </ClCompile>
    <ClCompile Include="..\private\JsonHelper.cpp">
      <Filter>Utility\Helpers\Paser\Json</Filter>
    </ClCompile>
    <ClCompile Include="..\private\BaseCamera.cpp">
      <Filter>Utility\Object\Camera</Filter>
    </ClCompile>
    <ClCompile Include="..\private\Viewer.cpp">
      <Filter>Utility\HeadUpDisplay\UserInterface\Viewer</Filter>
    </ClCompile>
    <ClCompile Include="..\private\Font.cpp">
      <Filter>Utility\Components\Font</Filter>
    </ClCompile>
    <ClCompile Include="..\Private\EditorCamera.cpp">
      <Filter>Utility\Object\EditorObject\EditorCamera</Filter>
    </ClCompile>
    <ClCompile Include="..\private\SliderButton.cpp">
      <Filter>Utility\HeadUpDisplay\UserInterface\Slider\SilderButton</Filter>
    </ClCompile>
    <ClCompile Include="..\private\Bone.cpp">
      <Filter>Utility\Components\Model\Bone</Filter>
    </ClCompile>
    <ClCompile Include="..\private\Slider.cpp">
      <Filter>Utility\HeadUpDisplay\UserInterface\Slider</Filter>
    </ClCompile>
    <ClCompile Include="..\private\Animation.cpp">
      <Filter>Utility\Components\Model\Animation</Filter>
    </ClCompile>
    <ClCompile Include="..\Private\Channel.cpp">
      <Filter>Utility\Components\Model\Animation\Channel</Filter>
    </ClCompile>
    <ClCompile Include="..\private\Collision.cpp">
      <Filter>Utility\Components\Collision</Filter>
    </ClCompile>
    <ClCompile Include="..\private\SphereCollision.cpp">
      <Filter>Utility\Components\Collision\Sphere</Filter>
    </ClCompile>
    <ClCompile Include="..\private\BoxCollision.cpp">
      <Filter>Utility\Components\Collision\Box</Filter>
    </ClCompile>
    <ClCompile Include="..\private\CapsuleCollision.cpp">
      <Filter>Utility\Components\Collision\Capsule</Filter>
    </ClCompile>
    <ClCompile Include="..\private\Model.cpp">
      <Filter>Utility\Components\Model</Filter>
    </ClCompile>
    <ClCompile Include="..\Private\ContainerObject.cpp">
      <Filter>Utility\Object\Container</Filter>
    </ClCompile>
    <ClCompile Include="..\private\PartObject.cpp">
      <Filter>Utility\Object\PartObject</Filter>
    </ClCompile>
    <ClCompile Include="..\private\StateLayer.cpp">
      <Filter>Utility\StateMachine\Layer</Filter>
    </ClCompile>
    <ClCompile Include="..\Private\FiniteStateMachine.cpp">
      <Filter>Utility\StateMachine\FSM</Filter>
    </ClCompile>
    <ClCompile Include="..\Private\State.cpp">
      <Filter>Utility\StateMachine\State</Filter>
    </ClCompile>
  </ItemGroup>
  <ItemGroup>
    <ClInclude Include="..\public\Graphic_Device.h">
      <Filter>System\GraphicDevice</Filter>
    </ClInclude>
    <ClInclude Include="..\public\Base.h">
      <Filter>Utility\Base</Filter>
    </ClInclude>
    <ClInclude Include="..\public\GameInstance.h">
      <Filter>Utility\GameInstance</Filter>
    </ClInclude>
    <ClInclude Include="..\public\Level.h">
      <Filter>Utility\Level</Filter>
    </ClInclude>
    <ClInclude Include="..\public\Layer.h">
      <Filter>Utility\Object\Layer</Filter>
    </ClInclude>
    <ClInclude Include="..\public\GameObject.h">
      <Filter>Utility\Object</Filter>
    </ClInclude>
    <ClInclude Include="..\public\Prototype_Manager.h">
      <Filter>Utility\Prototype</Filter>
    </ClInclude>
    <ClInclude Include="..\public\Object_Manager.h">
      <Filter>Utility\Object\Manager</Filter>
    </ClInclude>
    <ClInclude Include="..\public\Level_Manager.h">
      <Filter>Utility\Level\Manager</Filter>
    </ClInclude>
    <ClInclude Include="..\Public\Timer_Manager.h">
      <Filter>System\Timer\Manager</Filter>
    </ClInclude>
    <ClInclude Include="..\Public\Timer.h">
      <Filter>System\Timer</Filter>
    </ClInclude>
    <ClInclude Include="..\public\UserInterface.h">
      <Filter>Utility\HeadUpDisplay\UserInterface</Filter>
    </ClInclude>
    <ClInclude Include="..\public\Actor.h">
      <Filter>Utility\Object\Actor</Filter>
    </ClInclude>
    <ClInclude Include="..\public\Renderer.h">
      <Filter>Utility\Render</Filter>
    </ClInclude>
    <ClInclude Include="..\public\Component.h">
      <Filter>Utility\Components</Filter>
    </ClInclude>
    <ClInclude Include="..\Public\HeadUpDisplay.h">
      <Filter>Utility\HeadUpDisplay</Filter>
    </ClInclude>
    <ClInclude Include="..\public\Transform.h">
      <Filter>Utility\Components\Transform</Filter>
    </ClInclude>
    <ClInclude Include="..\public\InputManager.h">
      <Filter>System\DXInput</Filter>
    </ClInclude>
    <ClInclude Include="..\public\Sound_Manager.h">
      <Filter>System\Sound_Manager</Filter>
    </ClInclude>
    <ClInclude Include="..\public\VIBuffer.h">
      <Filter>Utility\Components\VIBuffer</Filter>
    </ClInclude>
    <ClInclude Include="..\public\VIBuffer_Rect.h">
      <Filter>Utility\Components\VIBuffer\VIRect</Filter>
    </ClInclude>
    <ClInclude Include="..\public\Texture.h">
      <Filter>Utility\Components\Texture</Filter>
    </ClInclude>
    <ClInclude Include="..\public\Shader.h">
      <Filter>Utility\Components\Shader</Filter>
    </ClInclude>
    <ClInclude Include="..\public\Mouse.h">
      <Filter>System\Mouse</Filter>
    </ClInclude>
    <ClInclude Include="..\public\Pipeline.h">
      <Filter>Utility\Pipeline</Filter>
    </ClInclude>
    <ClInclude Include="..\public\VIBuffer_Terrian.h">
      <Filter>Utility\Components\VIBuffer\VITerrian</Filter>
    </ClInclude>
    <ClInclude Include="..\public\ProgressBar.h">
      <Filter>Utility\HeadUpDisplay\UserInterface\Progressbar</Filter>
    </ClInclude>
    <ClInclude Include="..\public\SpriteAnimation.h">
      <Filter>Utility\Components\SpriteAnimation</Filter>
    </ClInclude>
    <ClInclude Include="..\public\AnimEntity.h">
      <Filter>Utility\Components\SpriteAnimation\AnimEntity</Filter>
    </ClInclude>
    <ClInclude Include="..\public\Model.h">
      <Filter>Utility\Components\Model</Filter>
    </ClInclude>
    <ClInclude Include="..\public\Mesh.h">
      <Filter>Utility\Components\Model\Mesh</Filter>
    </ClInclude>
    <ClInclude Include="..\Public\Engine_Defines.h">
      <Filter>Headers</Filter>
    </ClInclude>
    <ClInclude Include="..\Public\Engine_Enum.h">
      <Filter>Headers</Filter>
    </ClInclude>
    <ClInclude Include="..\Public\Engine_Function.h">
      <Filter>Headers</Filter>
    </ClInclude>
    <ClInclude Include="..\Public\Engine_Macro.h">
      <Filter>Headers</Filter>
    </ClInclude>
    <ClInclude Include="..\Public\Engine_Math.h">
      <Filter>Headers</Filter>
    </ClInclude>
    <ClInclude Include="..\Public\Engine_Struct.h">
      <Filter>Headers</Filter>
    </ClInclude>
    <ClInclude Include="..\Public\Engine_Types.h">
      <Filter>Headers</Filter>
    </ClInclude>
    <ClInclude Include="..\Public\FunctionSet.h">
      <Filter>Headers</Filter>
    </ClInclude>
    <ClInclude Include="..\Public\RenderSet.h">
      <Filter>Headers</Filter>
    </ClInclude>
    <ClInclude Include="..\Public\StringHelper.h">
      <Filter>Utility\Helpers</Filter>
    </ClInclude>
    <ClInclude Include="..\Public\Picking.h">
      <Filter>System\Picking</Filter>
    </ClInclude>
    <ClInclude Include="..\public\Material.h">
      <Filter>Utility\Components\Model\Material</Filter>
    </ClInclude>
    <ClInclude Include="..\public\BinaryHelper.h">
      <Filter>Utility\Helpers\Paser\Binary</Filter>
    </ClInclude>
    <ClInclude Include="..\public\CsvHelper.h">
      <Filter>Utility\Helpers\Paser\Csv</Filter>
    </ClInclude>
    <ClInclude Include="..\public\JsonHelper.h">
      <Filter>Utility\Helpers\Paser\Json</Filter>
    </ClInclude>
    <ClInclude Include="..\Public\PaseDataHeader.h">
      <Filter>Utility\Helpers</Filter>
    </ClInclude>
    <ClInclude Include="..\public\BaseCamera.h">
      <Filter>Utility\Object\Camera</Filter>
    </ClInclude>
    <ClInclude Include="..\public\Viewer.h">
      <Filter>Utility\HeadUpDisplay\UserInterface\Viewer</Filter>
    </ClInclude>
    <ClInclude Include="..\public\Font.h">
      <Filter>Utility\Components\Font</Filter>
    </ClInclude>
    <ClInclude Include="..\Public\EditorCamera.h">
      <Filter>Utility\Object\EditorObject\EditorCamera</Filter>
    </ClInclude>
    <ClInclude Include="..\public\Slider.h">
      <Filter>Utility\HeadUpDisplay\UserInterface\Slider</Filter>
    </ClInclude>
    <ClInclude Include="..\public\SliderButton.h">
      <Filter>Utility\HeadUpDisplay\UserInterface\Slider\SilderButton</Filter>
    </ClInclude>
    <ClInclude Include="..\public\Bone.h">
      <Filter>Utility\Components\Model\Bone</Filter>
    </ClInclude>
    <ClInclude Include="..\public\Animation.h">
      <Filter>Utility\Components\Model\Animation</Filter>
    </ClInclude>
    <ClInclude Include="..\public\Channel.h">
      <Filter>Utility\Components\Model\Animation\Channel</Filter>
    </ClInclude>
    <ClInclude Include="..\public\Collision.h">
      <Filter>Utility\Components\Collision</Filter>
    </ClInclude>
    <ClInclude Include="..\public\SphereCollision.h">
      <Filter>Utility\Components\Collision\Sphere</Filter>
    </ClInclude>
    <ClInclude Include="..\public\BoxCollision.h">
      <Filter>Utility\Components\Collision\Box</Filter>
    </ClInclude>
    <ClInclude Include="..\public\CapsuleCollision.h">
      <Filter>Utility\Components\Collision\Capsule</Filter>
    </ClInclude>
    <ClInclude Include="..\Public\ContainerObject.h">
      <Filter>Utility\Object\Container</Filter>
    </ClInclude>
    <ClInclude Include="..\public\PartObject.h">
      <Filter>Utility\Object\PartObject</Filter>
    </ClInclude>
    <ClInclude Include="..\public\StateLayer.h">
      <Filter>Utility\StateMachine\Layer</Filter>
    </ClInclude>
    <ClInclude Include="..\Public\FiniteStateMachine.h">
      <Filter>Utility\StateMachine\FSM</Filter>
    </ClInclude>
    <ClInclude Include="..\Public\State.h">
      <Filter>Utility\StateMachine\State</Filter>
    </ClInclude>
  </ItemGroup>
</Project>