<?xml version="1.0" encoding="utf-8"?>
<Project ToolsVersion="4.0" xmlns="http://schemas.microsoft.com/developer/msbuild/2003">
  <ItemGroup>
    <Filter Include="Defalut">
      <UniqueIdentifier>{5af1c569-8a68-401c-bd56-1dc8e81e6f1e}</UniqueIdentifier>
    </Filter>
    <Filter Include="FrameWork">
      <UniqueIdentifier>{5a0426c5-bfbe-4d8b-bf8d-70ec643ffd2e}</UniqueIdentifier>
    </Filter>
    <Filter Include="Defalut\리소스 파일">
      <UniqueIdentifier>{67DA6AB6-F800-4c08-8B7A-83BB121AAD01}</UniqueIdentifier>
      <Extensions>rc;ico;cur;bmp;dlg;rc2;rct;bin;rgs;gif;jpg;jpeg;jpe;resx;tiff;tif;png;wav;mfcribbon-ms</Extensions>
    </Filter>
    <Filter Include="00. MainApp">
      <UniqueIdentifier>{54e806ad-0a58-4101-be21-56365a2a294e}</UniqueIdentifier>
    </Filter>
    <Filter Include="Header">
      <UniqueIdentifier>{948580da-d844-4bcd-8c2a-29465cf95b43}</UniqueIdentifier>
    </Filter>
    <Filter Include="01. Levels">
      <UniqueIdentifier>{ea977dab-3bff-42dc-ae6c-9e1b86caf3c6}</UniqueIdentifier>
    </Filter>
    <Filter Include="01. Levels\GamePlay">
      <UniqueIdentifier>{31e458de-258b-4cb9-b852-c1df460bb0a3}</UniqueIdentifier>
    </Filter>
    <Filter Include="01. Levels\Logo">
      <UniqueIdentifier>{53d61410-d2a3-4cd9-a47d-ba8c5a77289a}</UniqueIdentifier>
    </Filter>
    <Filter Include="01. Levels\Loding">
      <UniqueIdentifier>{49bd1dba-0c1d-48ce-a432-2bd6808f4b5c}</UniqueIdentifier>
    </Filter>
    <Filter Include="01. Levels\Loding\Loder">
      <UniqueIdentifier>{dd7be7c4-6753-47f3-8c6a-b28c28fbecb3}</UniqueIdentifier>
    </Filter>
    <Filter Include="02. HUD">
      <UniqueIdentifier>{0296df3c-0a59-497b-a16d-37aa64a1c554}</UniqueIdentifier>
    </Filter>
    <Filter Include="03. Objects">
      <UniqueIdentifier>{1e575719-beba-4b53-9210-ffed62842ab1}</UniqueIdentifier>
    </Filter>
    <Filter Include="03. Objects\Camera">
      <UniqueIdentifier>{4f567e24-f89d-40b2-aba5-7103c9f4fe06}</UniqueIdentifier>
    </Filter>
    <Filter Include="Shader">
      <UniqueIdentifier>{fd807638-9ff0-41cf-9ae3-865a9a0b536a}</UniqueIdentifier>
    </Filter>
    <Filter Include="02. HUD\LogoHUD">
      <UniqueIdentifier>{584aee3d-9f35-4489-9440-b6d8ee8c828f}</UniqueIdentifier>
    </Filter>
    <Filter Include="02. HUD\Base_UI">
      <UniqueIdentifier>{f6b94b2f-5314-4e58-9966-6d24d331d4ae}</UniqueIdentifier>
    </Filter>
    <Filter Include="02. HUD\LogoHUD\Logo_UI">
      <UniqueIdentifier>{3dc0fe13-314c-49e0-8696-aa47fa646656}</UniqueIdentifier>
    </Filter>
    <Filter Include="02. HUD\LogoHUD\Logo_UI\LogoMenu">
      <UniqueIdentifier>{5fbbfc77-b3ef-4058-b05d-5fedad6c5b85}</UniqueIdentifier>
    </Filter>
    <Filter Include="02. HUD\LogoHUD\Logo_UI\LogoMenu\PellLogo">
      <UniqueIdentifier>{a92c6dec-4f81-46e5-9261-7bd138978e80}</UniqueIdentifier>
    </Filter>
    <Filter Include="02. HUD\LogoHUD\Logo_UI\LogoMenu\Logo_But">
      <UniqueIdentifier>{9d264fce-44c9-456d-ab5c-4f09ac169bc9}</UniqueIdentifier>
    </Filter>
    <Filter Include="02. HUD\LogoHUD\Logo_UI\LogoMenu\Logo_But\GameStart">
      <UniqueIdentifier>{115ac365-5611-4a11-8366-cf97fe25821a}</UniqueIdentifier>
    </Filter>
    <Filter Include="02. HUD\LogoHUD\Logo_UI\LogoMenu\Logo_But\GameEdit">
      <UniqueIdentifier>{a4fe36af-0656-497e-95e1-b3e22009c70b}</UniqueIdentifier>
    </Filter>
    <Filter Include="02. HUD\LogoHUD\Logo_UI\LogoMenu\Logo_But\GameExit">
      <UniqueIdentifier>{23e6d0c4-31d6-4fdb-af6c-9330dfa215c8}</UniqueIdentifier>
    </Filter>
    <Filter Include="02. HUD\GamePlayHUD">
      <UniqueIdentifier>{75cc6de5-ca74-4c84-b21f-7d6fee662a16}</UniqueIdentifier>
    </Filter>
    <Filter Include="02. HUD\GamePlayHUD\GamePlay_UI">
      <UniqueIdentifier>{49d8f33a-2950-40a1-a7be-af6533b811db}</UniqueIdentifier>
    </Filter>
    <Filter Include="02. HUD\GamePlayHUD\GamePlay_UI\Player_Interface">
      <UniqueIdentifier>{7c68cba6-3ec9-4f81-92c5-07d2e57d7b26}</UniqueIdentifier>
    </Filter>
    <Filter Include="04. DataManager">
      <UniqueIdentifier>{ab31e198-b415-4dda-85ba-bcb10f95d2ae}</UniqueIdentifier>
    </Filter>
    <Filter Include="04. DataManager\CharacterData_Manager">
      <UniqueIdentifier>{8a0a73bc-ddbf-4d0e-8dca-f1079ec7e360}</UniqueIdentifier>
    </Filter>
    <Filter Include="04. DataManager\GameData_Manager">
      <UniqueIdentifier>{ba0628af-eed5-46ef-ab42-10fb48d7c313}</UniqueIdentifier>
    </Filter>
    <Filter Include="02. HUD\GamePlayHUD\GamePlay_UI\Player_Interface\HealthBar">
      <UniqueIdentifier>{6e6d8958-9654-45ca-a0c8-83ba942ce7f4}</UniqueIdentifier>
    </Filter>
    <Filter Include="02. HUD\GamePlayHUD\GamePlay_UI\Player_Interface\GuardBar">
      <UniqueIdentifier>{86108b2b-9c78-4cf1-9a88-d21659edfb6b}</UniqueIdentifier>
    </Filter>
    <Filter Include="02. HUD\GamePlayHUD\GamePlay_UI\Compass">
      <UniqueIdentifier>{af4c12df-4c2b-40cc-abe8-4ab7d979e5ae}</UniqueIdentifier>
    </Filter>
    <Filter Include="02. HUD\GamePlayHUD\GamePlay_UI\Compass\CompassPoint">
      <UniqueIdentifier>{6adcd3cb-233c-4e57-a3dc-b058496d870b}</UniqueIdentifier>
    </Filter>
    <Filter Include="02. HUD\GamePlayHUD\GamePlay_UI\Player_Interface\BattlePell">
      <UniqueIdentifier>{a172a63c-7406-4259-9c36-50c1c7e8ddaf}</UniqueIdentifier>
    </Filter>
    <Filter Include="02. HUD\GamePlayHUD\GamePlay_UI\Player_Interface\BattlePell\PellInfo">
      <UniqueIdentifier>{c19ab426-7ee2-47e3-89a3-845c4f3127e7}</UniqueIdentifier>
    </Filter>
    <Filter Include="02. HUD\GamePlayHUD\GamePlay_UI\Player_Interface\TypeIcon">
      <UniqueIdentifier>{decad20f-aa06-4cec-b67d-6aac2a0b0b82}</UniqueIdentifier>
    </Filter>
    <Filter Include="02. HUD\GamePlayHUD\GamePlay_UI\Player_Interface\BattlePell\Frame">
      <UniqueIdentifier>{49421187-1beb-4f99-b55d-963ca3b8695b}</UniqueIdentifier>
    </Filter>
    <Filter Include="02. HUD\LoadingHUD">
      <UniqueIdentifier>{f04f49e0-9386-41ae-bb00-44361ae38f6e}</UniqueIdentifier>
    </Filter>
    <Filter Include="02. HUD\LoadingHUD\Loding">
      <UniqueIdentifier>{3f641c66-9313-476c-a9fa-781131c10611}</UniqueIdentifier>
    </Filter>
    <Filter Include="02. HUD\LoadingHUD\Loding\LoadingIcon">
      <UniqueIdentifier>{0cc53d01-6581-4621-aa8a-4de42774d988}</UniqueIdentifier>
    </Filter>
    <Filter Include="02. HUD\GamePlayHUD\GamePlay_UI\Player_Interface\HealthBar\HealthIcon">
      <UniqueIdentifier>{8a07cd76-da19-4ef7-b9f1-fa44aab114a0}</UniqueIdentifier>
    </Filter>
    <Filter Include="02. HUD\GamePlayHUD\GamePlay_UI\Player_Interface\HealthBar\HungerIcon">
      <UniqueIdentifier>{967ea44e-4ca4-4f3a-a81e-0dd037410106}</UniqueIdentifier>
    </Filter>
    <Filter Include="02. HUD\Base_UI\Slot">
      <UniqueIdentifier>{dda198e7-53c1-4992-b347-330b02475e0e}</UniqueIdentifier>
    </Filter>
    <Filter Include="02. HUD\GamePlayHUD\GamePlay_UI\Player_Interface\QuickSlot">
      <UniqueIdentifier>{a86b77f1-80dc-419c-9392-479f39212d43}</UniqueIdentifier>
    </Filter>
    <Filter Include="02. HUD\GamePlayHUD\GamePlay_UI\InGame_Menu">
      <UniqueIdentifier>{55b0673f-b6d0-44b7-8654-f3ddd5f4e266}</UniqueIdentifier>
    </Filter>
    <Filter Include="02. HUD\GamePlayHUD\GamePlay_UI\InGame_Menu\Category">
      <UniqueIdentifier>{d4b702e7-82c7-4f33-bac2-b24389e6a785}</UniqueIdentifier>
    </Filter>
    <Filter Include="05. Animation">
      <UniqueIdentifier>{582431db-41fb-49ca-9f3f-7096df282a69}</UniqueIdentifier>
    </Filter>
    <Filter Include="05. Animation\SpriteAnim">
      <UniqueIdentifier>{af9c91af-1814-4151-97c0-26be097e5bd0}</UniqueIdentifier>
    </Filter>
    <Filter Include="05. Animation\SpriteAnim\UI">
      <UniqueIdentifier>{f15475ff-2ad1-431f-867c-d9a0d84d8437}</UniqueIdentifier>
    </Filter>
    <Filter Include="02. HUD\GamePlayHUD\GamePlay_UI\InGame_Menu\GameOption">
      <UniqueIdentifier>{99db55cb-5a58-4128-b781-3ad5843e1349}</UniqueIdentifier>
    </Filter>
    <Filter Include="02. HUD\GamePlayHUD\GamePlay_UI\InGame_Menu\GameOption\OptionButton">
      <UniqueIdentifier>{62b8fab3-340b-41b8-a65e-4ac6ad17713e}</UniqueIdentifier>
    </Filter>
    <Filter Include="02. HUD\Base_UI\Button">
      <UniqueIdentifier>{0382ff48-bd51-41be-ac44-f5759d95835a}</UniqueIdentifier>
    </Filter>
    <Filter Include="02. HUD\Base_UI\Button\Frame">
      <UniqueIdentifier>{4dc99711-e312-41e2-882a-e1d27017f576}</UniqueIdentifier>
    </Filter>
    <Filter Include="ImGui">
      <UniqueIdentifier>{9a2631af-181d-42e7-b1bd-7221d7bed7d3}</UniqueIdentifier>
    </Filter>
    <Filter Include="ImGui\Manager">
      <UniqueIdentifier>{91d57f2c-d319-4591-96dc-7779dc7ef0dd}</UniqueIdentifier>
    </Filter>
    <Filter Include="ImGui\Default">
      <UniqueIdentifier>{75ecc74a-0424-4cd7-b975-b9d8cf8f3b3e}</UniqueIdentifier>
    </Filter>
    <Filter Include="ImGui\Default\Codes">
      <UniqueIdentifier>{43b13275-92a7-4818-919d-f108ebd60aeb}</UniqueIdentifier>
    </Filter>
    <Filter Include="ImGui\Default\Headers">
      <UniqueIdentifier>{5dc21080-9cb5-4a2c-8d46-58423fa0dbb2}</UniqueIdentifier>
    </Filter>
    <Filter Include="00. MainApp\DebugWindowApp">
      <UniqueIdentifier>{7876a7da-2fd8-479d-9338-6603c14717c4}</UniqueIdentifier>
    </Filter>
    <Filter Include="ImGui\UI">
      <UniqueIdentifier>{7b7dbb8e-461d-4552-ab98-cee34fc40eab}</UniqueIdentifier>
    </Filter>
    <Filter Include="ImGui\UI\Profile">
      <UniqueIdentifier>{d6b0034d-3d68-4f7a-8335-b3cf53c926db}</UniqueIdentifier>
    </Filter>
    <Filter Include="ImGui\UI\Hierarchy">
      <UniqueIdentifier>{1816d8ac-46a8-4d76-869c-104477eea4e3}</UniqueIdentifier>
    </Filter>
    <Filter Include="ImGui\UI\Instpector">
      <UniqueIdentifier>{d5f07d9c-8f42-4928-8033-5e4f39785bdf}</UniqueIdentifier>
    </Filter>
    <Filter Include="ImGui\UI\Instpector\IMG_ComponentUI">
      <UniqueIdentifier>{cad8ecbd-928b-45fe-82c3-d76109ff0ccf}</UniqueIdentifier>
    </Filter>
    <Filter Include="ImGui\UI\Instpector\IMG_ComponentUI\IMG_Transform">
      <UniqueIdentifier>{be1775b8-0c87-4db9-b3e5-adb25fce84b6}</UniqueIdentifier>
    </Filter>
    <Filter Include="ImGui\UI\LandScape">
      <UniqueIdentifier>{3dbd45f8-547e-4d4a-b15c-592215e2b63c}</UniqueIdentifier>
    </Filter>
    <Filter Include="ImGui\UI\ViewPort">
      <UniqueIdentifier>{a0edf5fc-8ede-43b5-bf7e-a0f238b7fb73}</UniqueIdentifier>
    </Filter>
    <Filter Include="ImGui\UI\Content">
      <UniqueIdentifier>{4458f3ac-8ea4-4cbd-a863-81fb3930bbdc}</UniqueIdentifier>
    </Filter>
    <Filter Include="01. Levels\EditorLevel">
      <UniqueIdentifier>{1eaec55f-18fd-4bce-8a17-f658921b2961}</UniqueIdentifier>
    </Filter>
    <Filter Include="ImGui\UI\Content\Create">
      <UniqueIdentifier>{e90ef143-84a4-406b-8e18-e1bd0dd01f9c}</UniqueIdentifier>
    </Filter>
    <Filter Include="ImGui\UI\FbxConvertWindow">
      <UniqueIdentifier>{1e87102c-bf0a-463c-8a92-3843837b9580}</UniqueIdentifier>
    </Filter>
    <Filter Include="02. HUD\GamePlayHUD\GamePlay_UI\InGame_Menu\CharacterView">
      <UniqueIdentifier>{2882eddc-c641-4e5a-8427-fc0164b0a171}</UniqueIdentifier>
    </Filter>
    <Filter Include="02. HUD\GamePlayHUD\GamePlay_UI\InGame_Menu\CharacterView\Inventory">
      <UniqueIdentifier>{7b258e60-e33f-4721-a215-d52a3638cb9b}</UniqueIdentifier>
    </Filter>
    <Filter Include="02. HUD\GamePlayHUD\GamePlay_UI\InGame_Menu\CharacterView\Equip">
      <UniqueIdentifier>{e9dcb392-6905-47db-95bb-6da6d6257708}</UniqueIdentifier>
    </Filter>
    <Filter Include="02. HUD\GamePlayHUD\GamePlay_UI\InGame_Menu\CharacterView\Equip\EquipSlot">
      <UniqueIdentifier>{1eec638c-52d5-4c62-8bbd-8eefe7c4c015}</UniqueIdentifier>
    </Filter>
    <Filter Include="02. HUD\Base_UI\Slot\SlotImage">
      <UniqueIdentifier>{03141a7f-0927-41e5-a027-7ba1e12f24a7}</UniqueIdentifier>
    </Filter>
    <Filter Include="02. HUD\GamePlayHUD\GamePlay_UI\InGame_Menu\CharacterView\Equip\View">
      <UniqueIdentifier>{cf5f169d-b649-4319-978b-cd1ac3a5cb3e}</UniqueIdentifier>
    </Filter>
    <Filter Include="02. HUD\GamePlayHUD\GamePlay_UI\InGame_Menu\CharacterView\Inventory\WeightBar">
      <UniqueIdentifier>{549c5a4b-06dc-49ac-aa06-e139a23dd551}</UniqueIdentifier>
    </Filter>
    <Filter Include="02. HUD\GamePlayHUD\GamePlay_UI\InGame_Menu\CharacterView\Inventory\ItemSlot">
      <UniqueIdentifier>{7aced7b8-5b81-48fa-be25-3149666bac74}</UniqueIdentifier>
    </Filter>
    <Filter Include="02. HUD\GamePlayHUD\GamePlay_UI\InGame_Menu\CharacterView\Inventory\InvenSlider">
      <UniqueIdentifier>{3a0aa367-8eed-4b53-b25e-44c6a9e030fe}</UniqueIdentifier>
    </Filter>
    <Filter Include="02. HUD\GamePlayHUD\GamePlay_UI\InGame_Menu\CharacterView\Inventory\InvenSlider\InvenSliderBut">
      <UniqueIdentifier>{cef864c3-6a7d-41ce-8182-7581e7d75e3b}</UniqueIdentifier>
    </Filter>
    <Filter Include="03. Objects\Terrian">
      <UniqueIdentifier>{782d235a-43b0-4167-bebb-1c6ac68b5985}</UniqueIdentifier>
    </Filter>
    <Filter Include="03. Objects\MeshObject">
      <UniqueIdentifier>{37a3ab22-7f30-497a-8cdb-8f7990bccad0}</UniqueIdentifier>
    </Filter>
    <Filter Include="03. Objects\MeshObject\AnimMesh">
      <UniqueIdentifier>{e33d7d9f-2fb7-4925-b338-40c466ee6dcf}</UniqueIdentifier>
    </Filter>
    <Filter Include="03. Objects\MeshObject\AnimMesh\Character">
      <UniqueIdentifier>{3802a2be-80f8-4d6d-9d50-8a3b3ccd7b25}</UniqueIdentifier>
    </Filter>
    <Filter Include="03. Objects\MeshObject\AnimMesh\Character\Player">
      <UniqueIdentifier>{0f96b6b9-85c0-4e44-91e3-7d82ffe2cb66}</UniqueIdentifier>
    </Filter>
    <Filter Include="03. Objects\MeshObject\NoneMesh">
      <UniqueIdentifier>{1d362c00-95d8-4e5a-a9d9-a9cf8d8e46ca}</UniqueIdentifier>
    </Filter>
    <Filter Include="03. Objects\MeshObject\NoneMesh\Static_Object">
      <UniqueIdentifier>{1f27bf68-169c-4b34-b0ba-e3ee98244a80}</UniqueIdentifier>
    </Filter>
    <Filter Include="03. Objects\MeshObject\NoneMesh\Static_Object\Item">
      <UniqueIdentifier>{0baf81af-0ee3-4bde-a5a1-1e8ccc6736f0}</UniqueIdentifier>
    </Filter>
    <Filter Include="03. Objects\MeshObject\NoneMesh\Static_Object\Item\Costum">
      <UniqueIdentifier>{fe22e618-5524-4a31-ba70-6a8e3b937d0f}</UniqueIdentifier>
    </Filter>
    <Filter Include="03. Objects\MeshObject\NoneMesh\Static_Object\Item\Costum\Head">
      <UniqueIdentifier>{41b27108-4f6f-48fd-b9a1-b51eb95d4cff}</UniqueIdentifier>
    </Filter>
    <Filter Include="03. Objects\MeshObject\NoneMesh\Static_Object\Environment">
      <UniqueIdentifier>{ef036d91-8c05-4584-8d98-22e0307a40b2}</UniqueIdentifier>
    </Filter>
    <Filter Include="03. Objects\MeshObject\NoneMesh\Static_Object\Environment\Rock">
      <UniqueIdentifier>{f5755349-c20b-4be4-b672-987f4e02cef2}</UniqueIdentifier>
    </Filter>
    <Filter Include="03. Objects\MeshObject\NoneMesh\Static_Object\Environment\Tree">
      <UniqueIdentifier>{1fa4a3de-545c-47c2-ab1b-3a1177afcb7c}</UniqueIdentifier>
    </Filter>
    <Filter Include="03. Objects\MeshObject\NoneMesh\Static_Object\Environment\PellRock">
      <UniqueIdentifier>{1eb38c84-68eb-4d9a-8f5e-de086f43a8e1}</UniqueIdentifier>
    </Filter>
    <Filter Include="03. Objects\MeshObject\AnimMesh\Pell">
      <UniqueIdentifier>{adf3979a-3a0b-45c4-9016-2b50d2782a08}</UniqueIdentifier>
    </Filter>
    <Filter Include="03. Objects\MeshObject\AnimMesh\Character\Player\Head">
      <UniqueIdentifier>{fddf78ea-5e03-4ecd-92fc-f4088a2e4b39}</UniqueIdentifier>
    </Filter>
    <Filter Include="03. Objects\MeshObject\AnimMesh\Character\Player\Body">
      <UniqueIdentifier>{c29d5bc8-00ab-470f-831f-03958b0dd873}</UniqueIdentifier>
    </Filter>
    <Filter Include="03. Objects\MeshObject\AnimMesh\Character\Player\Body\UpperBody">
      <UniqueIdentifier>{57553175-20a0-4b69-973b-090e05cf462b}</UniqueIdentifier>
    </Filter>
    <Filter Include="03. Objects\MeshObject\AnimMesh\Character\Player\Body\LowerBody">
      <UniqueIdentifier>{92b55b2a-5fc4-4eaf-87ca-1328e8b94b21}</UniqueIdentifier>
    </Filter>
    <Filter Include="03. Objects\MeshObject\AnimMesh\Pell\Part">
      <UniqueIdentifier>{a60ebd95-3de3-4146-b5eb-036cff0d5f04}</UniqueIdentifier>
    </Filter>
    <Filter Include="03. Objects\MeshObject\AnimMesh\Pell\Container">
      <UniqueIdentifier>{04e994c7-6bdc-4757-8abd-5693d1a1bd15}</UniqueIdentifier>
    </Filter>
    <Filter Include="03. Objects\MeshObject\AnimMesh\Pell\Container\Herorong">
      <UniqueIdentifier>{f14d5a30-85b2-4495-b949-f87672362d51}</UniqueIdentifier>
    </Filter>
    <Filter Include="03. Objects\MeshObject\AnimMesh\Pell\Container\BedCat">
      <UniqueIdentifier>{8a306134-5a11-4b99-a6c4-02cf81a51830}</UniqueIdentifier>
    </Filter>
    <Filter Include="03. Objects\MeshObject\AnimMesh\Pell\Container\Dororong">
      <UniqueIdentifier>{4bd2b4eb-717a-4b2c-8a47-87fa2fc04cfb}</UniqueIdentifier>
    </Filter>
    <Filter Include="03. Objects\MeshObject\AnimMesh\Pell\Container\ElectricPanda">
      <UniqueIdentifier>{db9190fe-84c5-4ec8-a9aa-5227a2947d08}</UniqueIdentifier>
    </Filter>
    <Filter Include="03. Objects\MeshObject\AnimMesh\Pell\Container\FlowerRabbit">
      <UniqueIdentifier>{e0f5dc4e-eddf-4979-81fe-ef21965d4052}</UniqueIdentifier>
    </Filter>
    <Filter Include="03. Objects\MeshObject\AnimMesh\Pell\Container\Frog">
      <UniqueIdentifier>{4c7eb1e3-a879-46de-afd0-ce8cac628aee}</UniqueIdentifier>
    </Filter>
    <Filter Include="03. Objects\MeshObject\AnimMesh\Pell\Container\Hedgehog">
      <UniqueIdentifier>{e860aeb3-3ad9-485f-adf0-e63efd695eb1}</UniqueIdentifier>
    </Filter>
    <Filter Include="03. Objects\MeshObject\AnimMesh\Pell\Part\Body">
      <UniqueIdentifier>{7934c266-cdf8-4619-9e5a-1842fecbd1f7}</UniqueIdentifier>
    </Filter>
    <Filter Include="03. Objects\MeshObject\AnimMesh\Pell\Container\Yeti">
      <UniqueIdentifier>{85c92a98-9edd-4dd6-b627-81ea497989cd}</UniqueIdentifier>
    </Filter>
    <Filter Include="03. Objects\MeshObject\AnimMesh\Pell\Container\BedCat\BedCatBody">
      <UniqueIdentifier>{b86c748a-d560-4d3c-8989-e8190545b760}</UniqueIdentifier>
    </Filter>
    <Filter Include="03. Objects\MeshObject\AnimMesh\Pell\Container\Dororong\DororongBody">
      <UniqueIdentifier>{cd78e07a-01c9-4f46-8574-729a5c04ed27}</UniqueIdentifier>
    </Filter>
    <Filter Include="03. Objects\MeshObject\AnimMesh\Pell\Container\ElectricPanda\ElectricPandaBody">
      <UniqueIdentifier>{8e2e65f0-bb42-4b19-bb2f-dacabe50f2dc}</UniqueIdentifier>
    </Filter>
    <Filter Include="03. Objects\MeshObject\AnimMesh\Pell\Container\FlowerRabbit\FlowerRabbitBody">
      <UniqueIdentifier>{4dbbb42c-40c0-4f3a-8a5f-5eb299c9f9ef}</UniqueIdentifier>
    </Filter>
    <Filter Include="03. Objects\MeshObject\AnimMesh\Pell\Container\Frog\FrogBody">
      <UniqueIdentifier>{775c262e-83ce-4072-a8d9-ee2e86f3668b}</UniqueIdentifier>
    </Filter>
    <Filter Include="03. Objects\MeshObject\AnimMesh\Pell\Container\Hedgehog\Hedgehog">
      <UniqueIdentifier>{b143a869-5429-47cb-9da0-1f509a077b68}</UniqueIdentifier>
    </Filter>
    <Filter Include="03. Objects\MeshObject\AnimMesh\Pell\Container\Herorong\HerorongBody">
      <UniqueIdentifier>{2f3ad9fe-4a17-4765-89cf-4704882a25e1}</UniqueIdentifier>
    </Filter>
    <Filter Include="03. Objects\MeshObject\AnimMesh\Pell\Container\Yeti\YetiBody">
      <UniqueIdentifier>{17d35d0a-7b4f-46ed-98e1-9642f6682023}</UniqueIdentifier>
    </Filter>
    <Filter Include="ImGui\UI\FbxConvertWindow\FbxModel">
      <UniqueIdentifier>{a1327c88-59f0-4d32-ac82-34ca95e4d2a3}</UniqueIdentifier>
    </Filter>
  </ItemGroup>
  <ItemGroup>
    <ClInclude Include="framework.h">
      <Filter>Defalut</Filter>
    </ClInclude>
    <ClInclude Include="Resource.h">
      <Filter>Defalut</Filter>
    </ClInclude>
    <ClInclude Include="targetver.h">
      <Filter>Defalut</Filter>
    </ClInclude>
    <ClInclude Include="Direct11_FrameWork.h">
      <Filter>FrameWork</Filter>
    </ClInclude>
    <ClInclude Include="..\public\MainApp.h">
      <Filter>00. MainApp</Filter>
    </ClInclude>
    <ClInclude Include="..\Public\Client_Define.h">
      <Filter>Header</Filter>
    </ClInclude>
    <ClInclude Include="..\public\LogoLevel.h">
      <Filter>01. Levels\Logo</Filter>
    </ClInclude>
    <ClInclude Include="..\public\GamePlayLevel.h">
      <Filter>01. Levels\GamePlay</Filter>
    </ClInclude>
    <ClInclude Include="..\public\LoadingLevel.h">
      <Filter>01. Levels\Loding</Filter>
    </ClInclude>
    <ClInclude Include="..\public\Loader.h">
      <Filter>01. Levels\Loding\Loder</Filter>
    </ClInclude>
    <ClInclude Include="..\public\Camera.h">
      <Filter>03. Objects\Camera</Filter>
    </ClInclude>
    <ClInclude Include="..\public\Logo_HUD.h">
      <Filter>02. HUD\LogoHUD</Filter>
    </ClInclude>
    <ClInclude Include="..\public\BackGround.h">
      <Filter>02. HUD\Base_UI</Filter>
    </ClInclude>
    <ClInclude Include="..\public\Logo_Menu.h">
      <Filter>02. HUD\LogoHUD\Logo_UI\LogoMenu</Filter>
    </ClInclude>
    <ClInclude Include="..\public\PellLogo.h">
      <Filter>02. HUD\LogoHUD\Logo_UI\LogoMenu\PellLogo</Filter>
    </ClInclude>
    <ClInclude Include="..\public\Logo_GameStart_But.h">
      <Filter>02. HUD\LogoHUD\Logo_UI\LogoMenu\Logo_But\GameStart</Filter>
    </ClInclude>
    <ClInclude Include="..\Public\Logo_GameQuit_But.h">
      <Filter>02. HUD\LogoHUD\Logo_UI\LogoMenu\Logo_But\GameExit</Filter>
    </ClInclude>
    <ClInclude Include="..\Public\Logo_GameEdit_But.h">
      <Filter>02. HUD\LogoHUD\Logo_UI\LogoMenu\Logo_But\GameEdit</Filter>
    </ClInclude>
    <ClInclude Include="..\public\GamePlayHUD.h">
      <Filter>02. HUD\GamePlayHUD</Filter>
    </ClInclude>
    <ClInclude Include="..\public\Terrian.h">
      <Filter>03. Objects\Terrian</Filter>
    </ClInclude>
    <ClInclude Include="..\public\Player_Interface.h">
      <Filter>02. HUD\GamePlayHUD\GamePlay_UI\Player_Interface</Filter>
    </ClInclude>
    <ClInclude Include="..\public\Character_Manager.h">
      <Filter>04. DataManager\CharacterData_Manager</Filter>
    </ClInclude>
    <ClInclude Include="..\public\GameData_Manager.h">
      <Filter>04. DataManager\GameData_Manager</Filter>
    </ClInclude>
    <ClInclude Include="..\Public\Client_Struct.h">
      <Filter>Header</Filter>
    </ClInclude>
    <ClInclude Include="..\public\HealthBar.h">
      <Filter>02. HUD\GamePlayHUD\GamePlay_UI\Player_Interface\HealthBar</Filter>
    </ClInclude>
    <ClInclude Include="..\Public\HungerIcon.h">
      <Filter>02. HUD\GamePlayHUD\GamePlay_UI\Player_Interface\HealthBar\HungerIcon</Filter>
    </ClInclude>
    <ClInclude Include="..\Public\HealthIcon.h">
      <Filter>02. HUD\GamePlayHUD\GamePlay_UI\Player_Interface\HealthBar\HealthIcon</Filter>
    </ClInclude>
    <ClInclude Include="..\public\GuardBar.h">
      <Filter>02. HUD\GamePlayHUD\GamePlay_UI\Player_Interface\GuardBar</Filter>
    </ClInclude>
    <ClInclude Include="..\public\Compass.h">
      <Filter>02. HUD\GamePlayHUD\GamePlay_UI\Compass</Filter>
    </ClInclude>
    <ClInclude Include="..\public\CompassPoint.h">
      <Filter>02. HUD\GamePlayHUD\GamePlay_UI\Compass\CompassPoint</Filter>
    </ClInclude>
    <ClInclude Include="..\public\BattlePell.h">
      <Filter>02. HUD\GamePlayHUD\GamePlay_UI\Player_Interface\BattlePell</Filter>
    </ClInclude>
    <ClInclude Include="..\public\PellInfo.h">
      <Filter>02. HUD\GamePlayHUD\GamePlay_UI\Player_Interface\BattlePell\PellInfo</Filter>
    </ClInclude>
    <ClInclude Include="..\public\TypeIcon.h">
      <Filter>02. HUD\GamePlayHUD\GamePlay_UI\Player_Interface\TypeIcon</Filter>
    </ClInclude>
    <ClInclude Include="..\public\PellInfoFrame.h">
      <Filter>02. HUD\GamePlayHUD\GamePlay_UI\Player_Interface\BattlePell\Frame</Filter>
    </ClInclude>
    <ClInclude Include="..\public\LoadingUI.h">
      <Filter>02. HUD\LoadingHUD\Loding</Filter>
    </ClInclude>
    <ClInclude Include="..\public\LoadingIcon.h">
      <Filter>02. HUD\LoadingHUD\Loding\LoadingIcon</Filter>
    </ClInclude>
    <ClInclude Include="..\public\LoadingHUD.h">
      <Filter>02. HUD\LoadingHUD</Filter>
    </ClInclude>
    <ClInclude Include="..\public\SlotBase.h">
      <Filter>02. HUD\Base_UI\Slot</Filter>
    </ClInclude>
    <ClInclude Include="..\public\InGameMenu.h">
      <Filter>02. HUD\GamePlayHUD\GamePlay_UI\InGame_Menu</Filter>
    </ClInclude>
    <ClInclude Include="..\public\Category.h">
      <Filter>02. HUD\GamePlayHUD\GamePlay_UI\InGame_Menu\Category</Filter>
    </ClInclude>
    <ClInclude Include="..\public\DefaultEntity.h">
      <Filter>05. Animation\SpriteAnim\UI</Filter>
    </ClInclude>
    <ClInclude Include="..\public\GameOption.h">
      <Filter>02. HUD\GamePlayHUD\GamePlay_UI\InGame_Menu\GameOption</Filter>
    </ClInclude>
    <ClInclude Include="..\public\OptionButton.h">
      <Filter>02. HUD\GamePlayHUD\GamePlay_UI\InGame_Menu\GameOption\OptionButton</Filter>
    </ClInclude>
    <ClInclude Include="..\public\Button.h">
      <Filter>02. HUD\Base_UI\Button</Filter>
    </ClInclude>
    <ClInclude Include="..\public\ButtonFrame.h">
      <Filter>02. HUD\Base_UI\Button\Frame</Filter>
    </ClInclude>
    <ClInclude Include="..\public\Player.h">
      <Filter>03. Objects\MeshObject\AnimMesh\Character\Player</Filter>
    </ClInclude>
    <ClInclude Include="..\Public\ImGui\imconfig.h">
      <Filter>ImGui\Default\Headers</Filter>
    </ClInclude>
    <ClInclude Include="..\Public\ImGui\imgui.h">
      <Filter>ImGui\Default\Headers</Filter>
    </ClInclude>
    <ClInclude Include="..\Public\ImGui\imgui_impl_dx11.h">
      <Filter>ImGui\Default\Headers</Filter>
    </ClInclude>
    <ClInclude Include="..\Public\ImGui\imgui_impl_win32.h">
      <Filter>ImGui\Default\Headers</Filter>
    </ClInclude>
    <ClInclude Include="..\Public\ImGui\imgui_internal.h">
      <Filter>ImGui\Default\Headers</Filter>
    </ClInclude>
    <ClInclude Include="..\Public\ImGui\imstb_rectpack.h">
      <Filter>ImGui\Default\Headers</Filter>
    </ClInclude>
    <ClInclude Include="..\Public\ImGui\imstb_textedit.h">
      <Filter>ImGui\Default\Headers</Filter>
    </ClInclude>
    <ClInclude Include="..\Public\ImGui\imstb_truetype.h">
      <Filter>ImGui\Default\Headers</Filter>
    </ClInclude>
    <ClInclude Include="..\Public\Client_ImgDefines.h">
      <Filter>Header</Filter>
    </ClInclude>
    <ClInclude Include="..\public\DebugApp.h">
      <Filter>00. MainApp\DebugWindowApp</Filter>
    </ClInclude>
    <ClInclude Include="..\public\IMG_Profiler.h">
      <Filter>ImGui\UI\Profile</Filter>
    </ClInclude>
    <ClInclude Include="..\public\IMG_Hierarchy.h">
      <Filter>ImGui\UI\Hierarchy</Filter>
    </ClInclude>
    <ClInclude Include="..\public\CostumeBase.h">
      <Filter>03. Objects\MeshObject\NoneMesh\Static_Object\Item\Costum</Filter>
    </ClInclude>
    <ClInclude Include="..\public\ImgUIBase.h">
      <Filter>ImGui</Filter>
    </ClInclude>
    <ClInclude Include="..\public\ItemBase.h">
      <Filter>03. Objects\MeshObject\NoneMesh\Static_Object\Item</Filter>
    </ClInclude>
    <ClInclude Include="..\public\IMG_Inspector.h">
      <Filter>ImGui\UI\Instpector</Filter>
    </ClInclude>
    <ClInclude Include="..\public\IMG_Transform.h">
      <Filter>ImGui\UI\Instpector\IMG_ComponentUI\IMG_Transform</Filter>
    </ClInclude>
    <ClInclude Include="..\public\IMG_Component.h">
      <Filter>ImGui\UI\Instpector\IMG_ComponentUI</Filter>
    </ClInclude>
    <ClInclude Include="..\public\IMG_LandScape.h">
      <Filter>ImGui\UI\LandScape</Filter>
    </ClInclude>
    <ClInclude Include="..\Public\ImgManager.h">
      <Filter>ImGui\Manager</Filter>
    </ClInclude>
    <ClInclude Include="..\public\IMG_Viewport.h">
      <Filter>ImGui\UI\ViewPort</Filter>
    </ClInclude>
    <ClInclude Include="..\public\IMG_Content.h">
      <Filter>ImGui\UI\Content</Filter>
    </ClInclude>
    <ClInclude Include="..\public\IMG_Create.h">
      <Filter>ImGui\UI\Content\Create</Filter>
    </ClInclude>
    <ClInclude Include="..\public\ElectPanda.h">
      <Filter>03. Objects\MeshObject\AnimMesh\Pell\Container\ElectricPanda</Filter>
    </ClInclude>
    <ClInclude Include="..\public\PellBase.h">
      <Filter>03. Objects\MeshObject\AnimMesh\Pell</Filter>
    </ClInclude>
    <ClInclude Include="..\public\BedCat.h">
      <Filter>03. Objects\MeshObject\AnimMesh\Pell\Container\BedCat</Filter>
    </ClInclude>
    <ClInclude Include="..\public\Dororong.h">
      <Filter>03. Objects\MeshObject\AnimMesh\Pell\Container\Dororong</Filter>
    </ClInclude>
    <ClInclude Include="..\public\RockObject.h">
      <Filter>03. Objects\MeshObject\NoneMesh\Static_Object\Environment\Rock</Filter>
    </ClInclude>
    <ClInclude Include="..\public\TreeObject.h">
      <Filter>03. Objects\MeshObject\NoneMesh\Static_Object\Environment\Tree</Filter>
    </ClInclude>
    <ClInclude Include="..\public\PellRock.h">
      <Filter>03. Objects\MeshObject\NoneMesh\Static_Object\Environment\PellRock</Filter>
    </ClInclude>
    <ClInclude Include="..\public\Frog.h">
      <Filter>03. Objects\MeshObject\AnimMesh\Pell\Container\Frog</Filter>
    </ClInclude>
    <ClInclude Include="..\public\FlowerRabbit.h">
      <Filter>03. Objects\MeshObject\AnimMesh\Pell\Container\FlowerRabbit</Filter>
    </ClInclude>
    <ClInclude Include="..\public\Herorong.h">
      <Filter>03. Objects\MeshObject\AnimMesh\Pell\Container\Herorong</Filter>
    </ClInclude>
    <ClInclude Include="..\public\Hedgehog.h">
      <Filter>03. Objects\MeshObject\AnimMesh\Pell\Container\Hedgehog</Filter>
    </ClInclude>
    <ClInclude Include="..\public\Yeti.h">
      <Filter>03. Objects\MeshObject\AnimMesh\Pell\Container\Yeti</Filter>
    </ClInclude>
    <ClInclude Include="..\public\IMG_ModelConvert.h">
      <Filter>ImGui\UI\FbxConvertWindow</Filter>
    </ClInclude>
    <ClInclude Include="..\Public\EditorLevel.h">
      <Filter>01. Levels\EditorLevel</Filter>
    </ClInclude>
    <ClInclude Include="..\public\Inventory.h">
      <Filter>02. HUD\GamePlayHUD\GamePlay_UI\InGame_Menu\CharacterView\Inventory</Filter>
    </ClInclude>
    <ClInclude Include="..\public\Equipment.h">
      <Filter>02. HUD\GamePlayHUD\GamePlay_UI\InGame_Menu\CharacterView\Equip</Filter>
    </ClInclude>
    <ClInclude Include="..\public\ItemSlot.h">
      <Filter>02. HUD\GamePlayHUD\GamePlay_UI\InGame_Menu\CharacterView\Inventory\ItemSlot</Filter>
    </ClInclude>
    <ClInclude Include="..\public\EquipSlot.h">
      <Filter>02. HUD\GamePlayHUD\GamePlay_UI\InGame_Menu\CharacterView\Equip\EquipSlot</Filter>
    </ClInclude>
    <ClInclude Include="..\public\PlayerView.h">
      <Filter>02. HUD\GamePlayHUD\GamePlay_UI\InGame_Menu\CharacterView\Equip\View</Filter>
    </ClInclude>
    <ClInclude Include="..\public\SlotImage.h">
      <Filter>02. HUD\Base_UI\Slot\SlotImage</Filter>
    </ClInclude>
    <ClInclude Include="..\public\CharacterView.h">
      <Filter>02. HUD\GamePlayHUD\GamePlay_UI\InGame_Menu\CharacterView</Filter>
    </ClInclude>
    <ClInclude Include="..\public\InvenSlider.h">
      <Filter>02. HUD\GamePlayHUD\GamePlay_UI\InGame_Menu\CharacterView\Inventory\InvenSlider</Filter>
    </ClInclude>
    <ClInclude Include="..\public\InvenSliderButton.h">
      <Filter>02. HUD\GamePlayHUD\GamePlay_UI\InGame_Menu\CharacterView\Inventory\InvenSlider\InvenSliderBut</Filter>
    </ClInclude>
    <ClInclude Include="..\public\Enviormnent.h">
      <Filter>03. Objects\MeshObject\NoneMesh\Static_Object\Environment</Filter>
    </ClInclude>
    <ClInclude Include="..\public\NoneAnimMesh.h">
      <Filter>03. Objects\MeshObject\NoneMesh</Filter>
    </ClInclude>
    <ClInclude Include="..\public\PlayerUpperBody.h">
      <Filter>03. Objects\MeshObject\AnimMesh\Character\Player\Body\UpperBody</Filter>
    </ClInclude>
    <ClInclude Include="..\public\PlayerLowerBody.h">
      <Filter>03. Objects\MeshObject\AnimMesh\Character\Player\Body\LowerBody</Filter>
    </ClInclude>
    <ClInclude Include="..\public\PellBody.h">
      <Filter>03. Objects\MeshObject\AnimMesh\Pell\Part\Body</Filter>
    </ClInclude>
    <ClInclude Include="..\public\BedCatBody.h">
      <Filter>03. Objects\MeshObject\AnimMesh\Pell\Container\BedCat\BedCatBody</Filter>
    </ClInclude>
    <ClInclude Include="..\public\DororongBody.h">
      <Filter>03. Objects\MeshObject\AnimMesh\Pell\Container\Dororong\DororongBody</Filter>
    </ClInclude>
    <ClInclude Include="..\public\ElectricPandaBody.h">
      <Filter>03. Objects\MeshObject\AnimMesh\Pell\Container\ElectricPanda\ElectricPandaBody</Filter>
    </ClInclude>
    <ClInclude Include="..\public\YetiBody.h">
      <Filter>03. Objects\MeshObject\AnimMesh\Pell\Container\Yeti\YetiBody</Filter>
    </ClInclude>
    <ClInclude Include="..\public\HerorongBody.h">
      <Filter>03. Objects\MeshObject\AnimMesh\Pell\Container\Herorong\HerorongBody</Filter>
    </ClInclude>
    <ClInclude Include="..\public\HedgehogBody.h">
      <Filter>03. Objects\MeshObject\AnimMesh\Pell\Container\Hedgehog\Hedgehog</Filter>
    </ClInclude>
    <ClInclude Include="..\public\FrogBody.h">
      <Filter>03. Objects\MeshObject\AnimMesh\Pell\Container\Frog\FrogBody</Filter>
    </ClInclude>
    <ClInclude Include="..\public\FlowerLabbitBody.h">
      <Filter>03. Objects\MeshObject\AnimMesh\Pell\Container\FlowerRabbit\FlowerRabbitBody</Filter>
    </ClInclude>
    <ClInclude Include="..\public\ImgViewModel.h">
      <Filter>ImGui\UI\FbxConvertWindow\FbxModel</Filter>
    </ClInclude>
  </ItemGroup>
  <ItemGroup>
    <ResourceCompile Include="Direct11_FrameWork.rc">
      <Filter>Defalut\리소스 파일</Filter>
    </ResourceCompile>
  </ItemGroup>
  <ItemGroup>
    <Image Include="small.ico">
      <Filter>Defalut\리소스 파일</Filter>
    </Image>
    <Image Include="Direct11_FrameWork.ico">
      <Filter>Defalut\리소스 파일</Filter>
    </Image>
  </ItemGroup>
  <ItemGroup>
    <ClCompile Include="Direct11_FrameWork.cpp">
      <Filter>FrameWork</Filter>
    </ClCompile>
    <ClCompile Include="..\private\MainApp.cpp">
      <Filter>00. MainApp</Filter>
    </ClCompile>
    <ClCompile Include="..\private\LogoLevel.cpp">
      <Filter>01. Levels\Logo</Filter>
    </ClCompile>
    <ClCompile Include="..\private\GamePlayLevel.cpp">
      <Filter>01. Levels\GamePlay</Filter>
    </ClCompile>
    <ClCompile Include="..\private\LoadingLevel.cpp">
      <Filter>01. Levels\Loding</Filter>
    </ClCompile>
    <ClCompile Include="..\private\Loader.cpp">
      <Filter>01. Levels\Loding\Loder</Filter>
    </ClCompile>
    <ClCompile Include="..\private\Camera.cpp">
      <Filter>03. Objects\Camera</Filter>
    </ClCompile>
    <ClCompile Include="..\private\Logo_HUD.cpp">
      <Filter>02. HUD\LogoHUD</Filter>
    </ClCompile>
    <ClCompile Include="..\private\BackGround.cpp">
      <Filter>02. HUD\Base_UI</Filter>
    </ClCompile>
    <ClCompile Include="..\private\Logo_Menu.cpp">
      <Filter>02. HUD\LogoHUD\Logo_UI\LogoMenu</Filter>
    </ClCompile>
    <ClCompile Include="..\private\PellLogo.cpp">
      <Filter>02. HUD\LogoHUD\Logo_UI\LogoMenu\PellLogo</Filter>
    </ClCompile>
    <ClCompile Include="..\private\Logo_GameStart_But.cpp">
      <Filter>02. HUD\LogoHUD\Logo_UI\LogoMenu\Logo_But\GameStart</Filter>
    </ClCompile>
    <ClCompile Include="..\Private\Logo_GameQuit_But.cpp">
      <Filter>02. HUD\LogoHUD\Logo_UI\LogoMenu\Logo_But\GameExit</Filter>
    </ClCompile>
    <ClCompile Include="..\Private\Logo_GameEdit_But.cpp">
      <Filter>02. HUD\LogoHUD\Logo_UI\LogoMenu\Logo_But\GameEdit</Filter>
    </ClCompile>
    <ClCompile Include="..\private\GamePlayHUD.cpp">
      <Filter>02. HUD\GamePlayHUD</Filter>
    </ClCompile>
    <ClCompile Include="..\private\Terrian.cpp">
      <Filter>03. Objects\Terrian</Filter>
    </ClCompile>
    <ClCompile Include="..\private\Player_Interface.cpp">
      <Filter>02. HUD\GamePlayHUD\GamePlay_UI\Player_Interface</Filter>
    </ClCompile>
    <ClCompile Include="..\private\Character_Manager.cpp">
      <Filter>04. DataManager\CharacterData_Manager</Filter>
    </ClCompile>
    <ClCompile Include="..\private\GameData_Manager.cpp">
      <Filter>04. DataManager\GameData_Manager</Filter>
    </ClCompile>
    <ClCompile Include="..\private\HealthBar.cpp">
      <Filter>02. HUD\GamePlayHUD\GamePlay_UI\Player_Interface\HealthBar</Filter>
    </ClCompile>
    <ClCompile Include="..\Private\HungerIcon.cpp">
      <Filter>02. HUD\GamePlayHUD\GamePlay_UI\Player_Interface\HealthBar\HungerIcon</Filter>
    </ClCompile>
    <ClCompile Include="..\Private\HealthIcon.cpp">
      <Filter>02. HUD\GamePlayHUD\GamePlay_UI\Player_Interface\HealthBar\HealthIcon</Filter>
    </ClCompile>
    <ClCompile Include="..\private\GuardBar.cpp">
      <Filter>02. HUD\GamePlayHUD\GamePlay_UI\Player_Interface\GuardBar</Filter>
    </ClCompile>
    <ClCompile Include="..\private\Compass.cpp">
      <Filter>02. HUD\GamePlayHUD\GamePlay_UI\Compass</Filter>
    </ClCompile>
    <ClCompile Include="..\private\CompassPoint.cpp">
      <Filter>02. HUD\GamePlayHUD\GamePlay_UI\Compass\CompassPoint</Filter>
    </ClCompile>
    <ClCompile Include="..\private\BattlePell.cpp">
      <Filter>02. HUD\GamePlayHUD\GamePlay_UI\Player_Interface\BattlePell</Filter>
    </ClCompile>
    <ClCompile Include="..\private\PellInfo.cpp">
      <Filter>02. HUD\GamePlayHUD\GamePlay_UI\Player_Interface\BattlePell\PellInfo</Filter>
    </ClCompile>
    <ClCompile Include="..\private\TypeIcon.cpp">
      <Filter>02. HUD\GamePlayHUD\GamePlay_UI\Player_Interface\TypeIcon</Filter>
    </ClCompile>
    <ClCompile Include="..\private\PellInfoFrame.cpp">
      <Filter>02. HUD\GamePlayHUD\GamePlay_UI\Player_Interface\BattlePell\Frame</Filter>
    </ClCompile>
    <ClCompile Include="..\private\LoadingUI.cpp">
      <Filter>02. HUD\LoadingHUD\Loding</Filter>
    </ClCompile>
    <ClCompile Include="..\private\LoadingIcon.cpp">
      <Filter>02. HUD\LoadingHUD\Loding\LoadingIcon</Filter>
    </ClCompile>
    <ClCompile Include="..\private\LoadingHUD.cpp">
      <Filter>02. HUD\LoadingHUD</Filter>
    </ClCompile>
    <ClCompile Include="..\private\SlotBase.cpp">
      <Filter>02. HUD\Base_UI\Slot</Filter>
    </ClCompile>
    <ClCompile Include="..\private\InGameMenu.cpp">
      <Filter>02. HUD\GamePlayHUD\GamePlay_UI\InGame_Menu</Filter>
    </ClCompile>
    <ClCompile Include="..\private\Category.cpp">
      <Filter>02. HUD\GamePlayHUD\GamePlay_UI\InGame_Menu\Category</Filter>
    </ClCompile>
    <ClCompile Include="..\private\DefaultEntity.cpp">
      <Filter>05. Animation\SpriteAnim\UI</Filter>
    </ClCompile>
    <ClCompile Include="..\private\GameOption.cpp">
      <Filter>02. HUD\GamePlayHUD\GamePlay_UI\InGame_Menu\GameOption</Filter>
    </ClCompile>
    <ClCompile Include="..\private\OptionButton.cpp">
      <Filter>02. HUD\GamePlayHUD\GamePlay_UI\InGame_Menu\GameOption\OptionButton</Filter>
    </ClCompile>
    <ClCompile Include="..\private\Button.cpp">
      <Filter>02. HUD\Base_UI\Button</Filter>
    </ClCompile>
    <ClCompile Include="..\private\ButtonFrame.cpp">
      <Filter>02. HUD\Base_UI\Button\Frame</Filter>
    </ClCompile>
    <ClCompile Include="..\private\Player.cpp">
      <Filter>03. Objects\MeshObject\AnimMesh\Character\Player</Filter>
    </ClCompile>
    <ClCompile Include="..\Private\imgui.cpp">
      <Filter>ImGui\Default\Codes</Filter>
    </ClCompile>
    <ClCompile Include="..\Private\imgui_demo.cpp">
      <Filter>ImGui\Default\Codes</Filter>
    </ClCompile>
    <ClCompile Include="..\Private\imgui_draw.cpp">
      <Filter>ImGui\Default\Codes</Filter>
    </ClCompile>
    <ClCompile Include="..\Private\imgui_impl_dx11.cpp">
      <Filter>ImGui\Default\Codes</Filter>
    </ClCompile>
    <ClCompile Include="..\Private\imgui_impl_win32.cpp">
      <Filter>ImGui\Default\Codes</Filter>
    </ClCompile>
    <ClCompile Include="..\Private\imgui_tables.cpp">
      <Filter>ImGui\Default\Codes</Filter>
    </ClCompile>
    <ClCompile Include="..\Private\imgui_widgets.cpp">
      <Filter>ImGui\Default\Codes</Filter>
    </ClCompile>
    <ClCompile Include="..\Private\ImgManager.cpp">
      <Filter>ImGui\Manager</Filter>
    </ClCompile>
    <ClCompile Include="..\private\DebugApp.cpp">
      <Filter>00. MainApp\DebugWindowApp</Filter>
    </ClCompile>
    <ClCompile Include="..\private\IMG_Profiler.cpp">
      <Filter>ImGui\UI\Profile</Filter>
    </ClCompile>
    <ClCompile Include="..\private\IMG_Hierarchy.cpp">
      <Filter>ImGui\UI\Hierarchy</Filter>
    </ClCompile>
    <ClCompile Include="..\private\CostumeBase.cpp">
      <Filter>03. Objects\MeshObject\NoneMesh\Static_Object\Item\Costum</Filter>
    </ClCompile>
    <ClCompile Include="..\private\ImgUIBase.cpp">
      <Filter>ImGui</Filter>
    </ClCompile>
    <ClCompile Include="..\private\ItemBase.cpp">
      <Filter>03. Objects\MeshObject\NoneMesh\Static_Object\Item</Filter>
    </ClCompile>
    <ClCompile Include="..\private\IMG_Inspector.cpp">
      <Filter>ImGui\UI\Instpector</Filter>
    </ClCompile>
    <ClCompile Include="..\private\IMG_Transform.cpp">
      <Filter>ImGui\UI\Instpector\IMG_ComponentUI\IMG_Transform</Filter>
    </ClCompile>
    <ClCompile Include="..\private\IMG_Component.cpp">
      <Filter>ImGui\UI\Instpector\IMG_ComponentUI</Filter>
    </ClCompile>
    <ClCompile Include="..\private\IMG_LandScape.cpp">
      <Filter>ImGui\UI\LandScape</Filter>
    </ClCompile>
    <ClCompile Include="..\private\IMG_Viewport.cpp">
      <Filter>ImGui\UI\ViewPort</Filter>
    </ClCompile>
    <ClCompile Include="..\private\IMG_Content.cpp">
      <Filter>ImGui\UI\Content</Filter>
    </ClCompile>
    <ClCompile Include="..\private\IMG_Create.cpp">
      <Filter>ImGui\UI\Content\Create</Filter>
    </ClCompile>
    <ClCompile Include="..\private\ElectPanda.cpp">
      <Filter>03. Objects\MeshObject\AnimMesh\Pell\Container\ElectricPanda</Filter>
    </ClCompile>
    <ClCompile Include="..\private\PellBase.cpp">
      <Filter>03. Objects\MeshObject\AnimMesh\Pell</Filter>
    </ClCompile>
    <ClCompile Include="..\private\BedCat.cpp">
      <Filter>03. Objects\MeshObject\AnimMesh\Pell\Container\BedCat</Filter>
    </ClCompile>
    <ClCompile Include="..\private\Dororong.cpp">
      <Filter>03. Objects\MeshObject\AnimMesh\Pell\Container\Dororong</Filter>
    </ClCompile>
    <ClCompile Include="..\private\RockObject.cpp">
      <Filter>03. Objects\MeshObject\NoneMesh\Static_Object\Environment\Rock</Filter>
    </ClCompile>
    <ClCompile Include="..\private\TreeObject.cpp">
      <Filter>03. Objects\MeshObject\NoneMesh\Static_Object\Environment\Tree</Filter>
    </ClCompile>
    <ClCompile Include="..\private\PellRock.cpp">
      <Filter>03. Objects\MeshObject\NoneMesh\Static_Object\Environment\PellRock</Filter>
    </ClCompile>
    <ClCompile Include="..\private\Frog.cpp">
      <Filter>03. Objects\MeshObject\AnimMesh\Pell\Container\Frog</Filter>
    </ClCompile>
    <ClCompile Include="..\private\FlowerRabbit.cpp">
      <Filter>03. Objects\MeshObject\AnimMesh\Pell\Container\FlowerRabbit</Filter>
    </ClCompile>
    <ClCompile Include="..\private\Herorong.cpp">
      <Filter>03. Objects\MeshObject\AnimMesh\Pell\Container\Herorong</Filter>
    </ClCompile>
    <ClCompile Include="..\private\Hedgehog.cpp">
      <Filter>03. Objects\MeshObject\AnimMesh\Pell\Container\Hedgehog</Filter>
    </ClCompile>
    <ClCompile Include="..\private\Yeti.cpp">
      <Filter>03. Objects\MeshObject\AnimMesh\Pell\Container\Yeti</Filter>
    </ClCompile>
    <ClCompile Include="..\public\IMG_ModelConvert.cpp">
      <Filter>ImGui\UI\FbxConvertWindow</Filter>
    </ClCompile>
    <ClCompile Include="..\Private\EditorLevel.cpp">
      <Filter>01. Levels\EditorLevel</Filter>
    </ClCompile>
    <ClCompile Include="..\private\Inventory.cpp">
      <Filter>02. HUD\GamePlayHUD\GamePlay_UI\InGame_Menu\CharacterView\Inventory</Filter>
    </ClCompile>
    <ClCompile Include="..\private\Equipment.cpp">
      <Filter>02. HUD\GamePlayHUD\GamePlay_UI\InGame_Menu\CharacterView\Equip</Filter>
    </ClCompile>
    <ClCompile Include="..\private\ItemSlot.cpp">
      <Filter>02. HUD\GamePlayHUD\GamePlay_UI\InGame_Menu\CharacterView\Inventory\ItemSlot</Filter>
    </ClCompile>
    <ClCompile Include="..\private\EquipSlot.cpp">
      <Filter>02. HUD\GamePlayHUD\GamePlay_UI\InGame_Menu\CharacterView\Equip\EquipSlot</Filter>
    </ClCompile>
    <ClCompile Include="..\private\PlayerView.cpp">
      <Filter>02. HUD\GamePlayHUD\GamePlay_UI\InGame_Menu\CharacterView\Equip\View</Filter>
    </ClCompile>
    <ClCompile Include="..\private\SlotImage.cpp">
      <Filter>02. HUD\Base_UI\Slot\SlotImage</Filter>
    </ClCompile>
    <ClCompile Include="..\private\CharacterView.cpp">
      <Filter>02. HUD\GamePlayHUD\GamePlay_UI\InGame_Menu\CharacterView</Filter>
    </ClCompile>
    <ClCompile Include="..\private\InvenSlider.cpp">
      <Filter>02. HUD\GamePlayHUD\GamePlay_UI\InGame_Menu\CharacterView\Inventory\InvenSlider</Filter>
    </ClCompile>
    <ClCompile Include="..\private\InvenSliderButton.cpp">
      <Filter>02. HUD\GamePlayHUD\GamePlay_UI\InGame_Menu\CharacterView\Inventory\InvenSlider\InvenSliderBut</Filter>
    </ClCompile>
    <ClCompile Include="..\private\Enviormnent.cpp">
      <Filter>03. Objects\MeshObject\NoneMesh\Static_Object\Environment</Filter>
    </ClCompile>
    <ClCompile Include="..\private\NoneAnimMesh.cpp">
      <Filter>03. Objects\MeshObject\NoneMesh</Filter>
    </ClCompile>
    <ClCompile Include="..\private\PlayerUpperBody.cpp">
      <Filter>03. Objects\MeshObject\AnimMesh\Character\Player\Body\UpperBody</Filter>
    </ClCompile>
    <ClCompile Include="..\private\PlayerLowerBody.cpp">
      <Filter>03. Objects\MeshObject\AnimMesh\Character\Player\Body\LowerBody</Filter>
    </ClCompile>
    <ClCompile Include="..\private\PellBody.cpp">
      <Filter>03. Objects\MeshObject\AnimMesh\Pell\Part\Body</Filter>
    </ClCompile>
    <ClCompile Include="..\private\BedCatBody.cpp">
      <Filter>03. Objects\MeshObject\AnimMesh\Pell\Container\BedCat\BedCatBody</Filter>
    </ClCompile>
    <ClCompile Include="..\private\DororongBody.cpp">
      <Filter>03. Objects\MeshObject\AnimMesh\Pell\Container\Dororong\DororongBody</Filter>
    </ClCompile>
    <ClCompile Include="..\private\ElectricPandaBody.cpp">
      <Filter>03. Objects\MeshObject\AnimMesh\Pell\Container\ElectricPanda\ElectricPandaBody</Filter>
    </ClCompile>
    <ClCompile Include="..\private\YetiBody.cpp">
      <Filter>03. Objects\MeshObject\AnimMesh\Pell\Container\Yeti\YetiBody</Filter>
    </ClCompile>
    <ClCompile Include="..\private\HerorongBody.cpp">
      <Filter>03. Objects\MeshObject\AnimMesh\Pell\Container\Herorong\HerorongBody</Filter>
    </ClCompile>
    <ClCompile Include="..\private\HedgehogBody.cpp">
      <Filter>03. Objects\MeshObject\AnimMesh\Pell\Container\Hedgehog\Hedgehog</Filter>
    </ClCompile>
    <ClCompile Include="..\private\FrogBody.cpp">
      <Filter>03. Objects\MeshObject\AnimMesh\Pell\Container\Frog\FrogBody</Filter>
    </ClCompile>
    <ClCompile Include="..\private\FlowerLabbitBody.cpp">
      <Filter>03. Objects\MeshObject\AnimMesh\Pell\Container\FlowerRabbit\FlowerRabbitBody</Filter>
    </ClCompile>
    <ClCompile Include="..\private\ImgViewModel.cpp">
      <Filter>ImGui\UI\FbxConvertWindow\FbxModel</Filter>
    </ClCompile>
  </ItemGroup>
  <ItemGroup>
    <FxCompile Include="..\Bin\ShaderFiles\TestShader.hlsl">
      <Filter>Shader</Filter>
    </FxCompile>
    <FxCompile Include="..\Bin\ShaderFiles\MouseShader.hlsl">
      <Filter>Shader</Filter>
    </FxCompile>
    <FxCompile Include="..\Bin\ShaderFiles\VTX_NorTex.hlsl">
      <Filter>Shader</Filter>
    </FxCompile>
    <FxCompile Include="..\Bin\ShaderFiles\ProgressBar.hlsl">
      <Filter>Shader</Filter>
    </FxCompile>
    <FxCompile Include="..\Bin\ShaderFiles\MutipleBlend.hlsl">
      <Filter>Shader</Filter>
    </FxCompile>
    <FxCompile Include="..\Bin\ShaderFiles\VTX_Mesh.hlsl">
      <Filter>Shader</Filter>
    </FxCompile>
    <FxCompile Include="..\Bin\ShaderFiles\VTX_AnimMesh.hlsl">
      <Filter>Shader</Filter>
    </FxCompile>
  </ItemGroup>
  <ItemGroup>
    <None Include="ClassDiagram.cd" />
  </ItemGroup>
</Project>